
Microsoft Visual Studio Solution File, Format Version 12.00
# Visual Studio Version 16
VisualStudioVersion = 16.0.31019.35
MinimumVisualStudioVersion = 10.0.40219.1
Project("{FAE04EC0-301F-11D3-BF4B-00C04F79EFBC}") = "OdeToFood.Web", "OdeToFood.Web\OdeToFood.Web.csproj", "{F89BD214-9BBE-4E87-983E-CA2FA0A6E7AF}"
EndProject
Project("{FAE04EC0-301F-11D3-BF4B-00C04F79EFBC}") = "OdeToFood.Data", "OdeToFood.Data\OdeToFood.Data.csproj", "{57A11186-6E21-4F35-A752-F915B4DDD37F}"
EndProject
Global
	GlobalSection(SolutionConfigurationPlatforms) = preSolution
		Debug|Any CPU = Debug|Any CPU
		Release|Any CPU = Release|Any CPU
	EndGlobalSection
	GlobalSection(ProjectConfigurationPlatforms) = postSolution
		{F89BD214-9BBE-4E87-983E-CA2FA0A6E7AF}.Debug|Any CPU.ActiveCfg = Debug|Any CPU
		{F89BD214-9BBE-4E87-983E-CA2FA0A6E7AF}.Debug|Any CPU.Build.0 = Debug|Any CPU
		{F89BD214-9BBE-4E87-983E-CA2FA0A6E7AF}.Release|Any CPU.ActiveCfg = Release|Any CPU
		{F89BD214-9BBE-4E87-983E-CA2FA0A6E7AF}.Release|Any CPU.Build.0 = Release|Any CPU
		{57A11186-6E21-4F35-A752-F915B4DDD37F}.Debug|Any CPU.ActiveCfg = Debug|Any CPU
		{57A11186-6E21-4F35-A752-F915B4DDD37F}.Debug|Any CPU.Build.0 = Debug|Any CPU
		{57A11186-6E21-4F35-A752-F915B4DDD37F}.Release|Any CPU.ActiveCfg = Release|Any CPU
		{57A11186-6E21-4F35-A752-F915B4DDD37F}.Release|Any CPU.Build.0 = Release|Any CPU
	EndGlobalSection
	GlobalSection(SolutionProperties) = preSolution
		HideSolutionNode = FALSE
	EndGlobalSection
	GlobalSection(ExtensibilityGlobals) = postSolution
		SolutionGuid = {55B49C8B-B54E-4CB8-B4F9-DEAF4F070AB2}
	EndGlobalSection
EndGlobal
